
Microsoft Visual Studio Solution File, Format Version 12.00
# Visual Studio Version 17
VisualStudioVersion = 17.2.32519.379
MinimumVisualStudioVersion = 10.0.40219.1
Project("{00D1A9C2-B5F0-4AF3-8072-F6C62B433612}") = "Database1", "Database1\Database1.sqlproj", "{92FDD876-3412-4843-AC4F-BBACC927F2E3}"
EndProject
Global
	GlobalSection(SolutionConfigurationPlatforms) = preSolution
		Debug|Any CPU = Debug|Any CPU
		Release|Any CPU = Release|Any CPU
	EndGlobalSection
	GlobalSection(ProjectConfigurationPlatforms) = postSolution
		{92FDD876-3412-4843-AC4F-BBACC927F2E3}.Debug|Any CPU.ActiveCfg = Debug|Any CPU
		{92FDD876-3412-4843-AC4F-BBACC927F2E3}.Debug|Any CPU.Build.0 = Debug|Any CPU
		{92FDD876-3412-4843-AC4F-BBACC927F2E3}.Debug|Any CPU.Deploy.0 = Debug|Any CPU
		{92FDD876-3412-4843-AC4F-BBACC927F2E3}.Release|Any CPU.ActiveCfg = Release|Any CPU
		{92FDD876-3412-4843-AC4F-BBACC927F2E3}.Release|Any CPU.Build.0 = Release|Any CPU
		{92FDD876-3412-4843-AC4F-BBACC927F2E3}.Release|Any CPU.Deploy.0 = Release|Any CPU
	EndGlobalSection
	GlobalSection(SolutionProperties) = preSolution
		HideSolutionNode = FALSE
	EndGlobalSection
	GlobalSection(ExtensibilityGlobals) = postSolution
		SolutionGuid = {1149590F-8F11-467F-BCBD-951DBBDE94F0}
	EndGlobalSection
EndGlobal
